
Microsoft Visual Studio Solution File, Format Version 12.00
# Visual Studio Version 17
VisualStudioVersion = 17.11.35312.102
MinimumVisualStudioVersion = 10.0.40219.1
Project("{FAE04EC0-301F-11D3-BF4B-00C04F79EFBC}") = "01_MainSubjects", "01_MainSubjects\01_MainSubjects.csproj", "{C3AE6D5D-E671-4EF2-9F7D-61C9046570CE}"
EndProject
Project("{FAE04EC0-301F-11D3-BF4B-00C04F79EFBC}") = "02_Variables", "02_Variables\02_Variables.csproj", "{E9A8197F-71B9-4A19-BFD8-1EB9A269E288}"
EndProject
Project("{FAE04EC0-301F-11D3-BF4B-00C04F79EFBC}") = "03_MakingDecision", "03_MakingDecision\03_MakingDecision.csproj", "{1302B9FB-D8E6-447A-B71A-AF790DB27814}"
EndProject
Project("{FAE04EC0-301F-11D3-BF4B-00C04F79EFBC}") = "Ders-4-Donguler-For-While", "Ders-4-Donguler-For-While\Ders-4-Donguler-For-While.csproj", "{0A64BCDB-3646-4918-800E-775FF529DCE2}"
EndProject
Project("{FAE04EC0-301F-11D3-BF4B-00C04F79EFBC}") = "Ders-5-Dongulerle-Pratik-Uygulamalar-Yıldızlarla-Sekil-Cizme", "Ders-5-Dongulerle-Pratik-Uygulamalar-Yıldızlarla-Sekil-Cizme\Ders-5-Dongulerle-Pratik-Uygulamalar-Yıldızlarla-Sekil-Cizme.csproj", "{910DCA0B-7FDD-404A-BBBE-F11507E5B5FE}"
EndProject
Global
	GlobalSection(SolutionConfigurationPlatforms) = preSolution
		Debug|Any CPU = Debug|Any CPU
		Release|Any CPU = Release|Any CPU
	EndGlobalSection
	GlobalSection(ProjectConfigurationPlatforms) = postSolution
		{C3AE6D5D-E671-4EF2-9F7D-61C9046570CE}.Debug|Any CPU.ActiveCfg = Debug|Any CPU
		{C3AE6D5D-E671-4EF2-9F7D-61C9046570CE}.Debug|Any CPU.Build.0 = Debug|Any CPU
		{C3AE6D5D-E671-4EF2-9F7D-61C9046570CE}.Release|Any CPU.ActiveCfg = Release|Any CPU
		{C3AE6D5D-E671-4EF2-9F7D-61C9046570CE}.Release|Any CPU.Build.0 = Release|Any CPU
		{E9A8197F-71B9-4A19-BFD8-1EB9A269E288}.Debug|Any CPU.ActiveCfg = Debug|Any CPU
		{E9A8197F-71B9-4A19-BFD8-1EB9A269E288}.Debug|Any CPU.Build.0 = Debug|Any CPU
		{E9A8197F-71B9-4A19-BFD8-1EB9A269E288}.Release|Any CPU.ActiveCfg = Release|Any CPU
		{E9A8197F-71B9-4A19-BFD8-1EB9A269E288}.Release|Any CPU.Build.0 = Release|Any CPU
		{1302B9FB-D8E6-447A-B71A-AF790DB27814}.Debug|Any CPU.ActiveCfg = Debug|Any CPU
		{1302B9FB-D8E6-447A-B71A-AF790DB27814}.Debug|Any CPU.Build.0 = Debug|Any CPU
		{1302B9FB-D8E6-447A-B71A-AF790DB27814}.Release|Any CPU.ActiveCfg = Release|Any CPU
		{1302B9FB-D8E6-447A-B71A-AF790DB27814}.Release|Any CPU.Build.0 = Release|Any CPU
		{0A64BCDB-3646-4918-800E-775FF529DCE2}.Debug|Any CPU.ActiveCfg = Debug|Any CPU
		{0A64BCDB-3646-4918-800E-775FF529DCE2}.Debug|Any CPU.Build.0 = Debug|Any CPU
		{0A64BCDB-3646-4918-800E-775FF529DCE2}.Release|Any CPU.ActiveCfg = Release|Any CPU
		{0A64BCDB-3646-4918-800E-775FF529DCE2}.Release|Any CPU.Build.0 = Release|Any CPU
		{910DCA0B-7FDD-404A-BBBE-F11507E5B5FE}.Debug|Any CPU.ActiveCfg = Debug|Any CPU
		{910DCA0B-7FDD-404A-BBBE-F11507E5B5FE}.Debug|Any CPU.Build.0 = Debug|Any CPU
		{910DCA0B-7FDD-404A-BBBE-F11507E5B5FE}.Release|Any CPU.ActiveCfg = Release|Any CPU
		{910DCA0B-7FDD-404A-BBBE-F11507E5B5FE}.Release|Any CPU.Build.0 = Release|Any CPU
	EndGlobalSection
	GlobalSection(SolutionProperties) = preSolution
		HideSolutionNode = FALSE
	EndGlobalSection
	GlobalSection(ExtensibilityGlobals) = postSolution
		SolutionGuid = {8D0BD6E0-E0B0-40FF-943F-01892C00337B}
	EndGlobalSection
EndGlobal
