
Microsoft Visual Studio Solution File, Format Version 12.00
# Visual Studio Version 17
VisualStudioVersion = 17.11.35327.3
MinimumVisualStudioVersion = 10.0.40219.1
Project("{FAE04EC0-301F-11D3-BF4B-00C04F79EFBC}") = "Ders-7-Foreach-Dongusu", "Ders-7-Foreach-Dongusu.csproj", "{D7751038-D06E-4E52-B4A9-C76DE6E12230}"
EndProject
Global
	GlobalSection(SolutionConfigurationPlatforms) = preSolution
		Debug|Any CPU = Debug|Any CPU
		Release|Any CPU = Release|Any CPU
	EndGlobalSection
	GlobalSection(ProjectConfigurationPlatforms) = postSolution
		{D7751038-D06E-4E52-B4A9-C76DE6E12230}.Debug|Any CPU.ActiveCfg = Debug|Any CPU
		{D7751038-D06E-4E52-B4A9-C76DE6E12230}.Debug|Any CPU.Build.0 = Debug|Any CPU
		{D7751038-D06E-4E52-B4A9-C76DE6E12230}.Release|Any CPU.ActiveCfg = Release|Any CPU
		{D7751038-D06E-4E52-B4A9-C76DE6E12230}.Release|Any CPU.Build.0 = Release|Any CPU
	EndGlobalSection
	GlobalSection(SolutionProperties) = preSolution
		HideSolutionNode = FALSE
	EndGlobalSection
	GlobalSection(ExtensibilityGlobals) = postSolution
		SolutionGuid = {0B79C758-184E-4DDE-A501-29DFCC3FFD7C}
	EndGlobalSection
EndGlobal
